
Microsoft Visual Studio Solution File, Format Version 12.00
# Visual Studio Version 17
VisualStudioVersion = 17.3.32922.545
MinimumVisualStudioVersion = 10.0.40219.1
Project("{9A19103F-16F7-4668-BE54-9A1E7A4F7556}") = "ViechlePurchaseSystem", "ViechlePurchaseSystem.csproj", "{63C627BF-CA2C-4D1E-9138-0CA237BF4109}"
EndProject
Project("{9A19103F-16F7-4668-BE54-9A1E7A4F7556}") = "MyDLLTest", "..\MyDLLTest\MyDLLTest.csproj", "{A6D43494-7180-4891-9809-F48E541DE4EE}"
EndProject
Project("{9A19103F-16F7-4668-BE54-9A1E7A4F7556}") = "SerializationDemo", "..\SerializationDemo\SerializationDemo.csproj", "{2F201AE9-5ED0-4408-8D07-1E87BD0C190B}"
EndProject
Project("{FAE04EC0-301F-11D3-BF4B-00C04F79EFBC}") = "veichlePurchaseAndInventorySystem", "..\veichlePurchaseAndInventorySystem\veichlePurchaseAndInventorySystem.csproj", "{D4391D81-A35F-4EBE-AFD9-63E09FE24CC6}"
EndProject
Project("{FAE04EC0-301F-11D3-BF4B-00C04F79EFBC}") = "VPSCache", "..\Repository\VPSCache.csproj", "{D9143206-5B60-4033-9BBF-05D1D87D0150}"
EndProject
Global
	GlobalSection(SolutionConfigurationPlatforms) = preSolution
		Debug|Any CPU = Debug|Any CPU
		Release|Any CPU = Release|Any CPU
	EndGlobalSection
	GlobalSection(ProjectConfigurationPlatforms) = postSolution
		{63C627BF-CA2C-4D1E-9138-0CA237BF4109}.Debug|Any CPU.ActiveCfg = Debug|Any CPU
		{63C627BF-CA2C-4D1E-9138-0CA237BF4109}.Debug|Any CPU.Build.0 = Debug|Any CPU
		{63C627BF-CA2C-4D1E-9138-0CA237BF4109}.Release|Any CPU.ActiveCfg = Release|Any CPU
		{63C627BF-CA2C-4D1E-9138-0CA237BF4109}.Release|Any CPU.Build.0 = Release|Any CPU
		{A6D43494-7180-4891-9809-F48E541DE4EE}.Debug|Any CPU.ActiveCfg = Debug|Any CPU
		{A6D43494-7180-4891-9809-F48E541DE4EE}.Debug|Any CPU.Build.0 = Debug|Any CPU
		{A6D43494-7180-4891-9809-F48E541DE4EE}.Release|Any CPU.ActiveCfg = Release|Any CPU
		{A6D43494-7180-4891-9809-F48E541DE4EE}.Release|Any CPU.Build.0 = Release|Any CPU
		{2F201AE9-5ED0-4408-8D07-1E87BD0C190B}.Debug|Any CPU.ActiveCfg = Debug|Any CPU
		{2F201AE9-5ED0-4408-8D07-1E87BD0C190B}.Debug|Any CPU.Build.0 = Debug|Any CPU
		{2F201AE9-5ED0-4408-8D07-1E87BD0C190B}.Release|Any CPU.ActiveCfg = Release|Any CPU
		{2F201AE9-5ED0-4408-8D07-1E87BD0C190B}.Release|Any CPU.Build.0 = Release|Any CPU
		{D4391D81-A35F-4EBE-AFD9-63E09FE24CC6}.Debug|Any CPU.ActiveCfg = Debug|Any CPU
		{D4391D81-A35F-4EBE-AFD9-63E09FE24CC6}.Debug|Any CPU.Build.0 = Debug|Any CPU
		{D4391D81-A35F-4EBE-AFD9-63E09FE24CC6}.Release|Any CPU.ActiveCfg = Release|Any CPU
		{D4391D81-A35F-4EBE-AFD9-63E09FE24CC6}.Release|Any CPU.Build.0 = Release|Any CPU
		{D9143206-5B60-4033-9BBF-05D1D87D0150}.Debug|Any CPU.ActiveCfg = Debug|Any CPU
		{D9143206-5B60-4033-9BBF-05D1D87D0150}.Debug|Any CPU.Build.0 = Debug|Any CPU
		{D9143206-5B60-4033-9BBF-05D1D87D0150}.Release|Any CPU.ActiveCfg = Release|Any CPU
		{D9143206-5B60-4033-9BBF-05D1D87D0150}.Release|Any CPU.Build.0 = Release|Any CPU
	EndGlobalSection
	GlobalSection(SolutionProperties) = preSolution
		HideSolutionNode = FALSE
	EndGlobalSection
	GlobalSection(ExtensibilityGlobals) = postSolution
		SolutionGuid = {A00981B2-A471-4EE8-B128-595C6E2C858A}
	EndGlobalSection
EndGlobal
